
Microsoft Visual Studio Solution File, Format Version 12.00
# Visual Studio Version 17
VisualStudioVersion = 17.11.35327.3
MinimumVisualStudioVersion = 10.0.40219.1
Project("{FAE04EC0-301F-11D3-BF4B-00C04F79EFBC}") = "01.MonsterExtermination", "01.MonsterExtermination\01.MonsterExtermination.csproj", "{44FD227E-8E7A-4531-94C2-220266584E1A}"
EndProject
Project("{FAE04EC0-301F-11D3-BF4B-00C04F79EFBC}") = "02.DeliveryBoy", "02.DeliveryBoy\02.DeliveryBoy.csproj", "{0B537193-2047-4F65-8D77-3061FBA9F2CA}"
EndProject
Global
	GlobalSection(SolutionConfigurationPlatforms) = preSolution
		Debug|Any CPU = Debug|Any CPU
		Release|Any CPU = Release|Any CPU
	EndGlobalSection
	GlobalSection(ProjectConfigurationPlatforms) = postSolution
		{44FD227E-8E7A-4531-94C2-220266584E1A}.Debug|Any CPU.ActiveCfg = Debug|Any CPU
		{44FD227E-8E7A-4531-94C2-220266584E1A}.Debug|Any CPU.Build.0 = Debug|Any CPU
		{44FD227E-8E7A-4531-94C2-220266584E1A}.Release|Any CPU.ActiveCfg = Release|Any CPU
		{44FD227E-8E7A-4531-94C2-220266584E1A}.Release|Any CPU.Build.0 = Release|Any CPU
		{0B537193-2047-4F65-8D77-3061FBA9F2CA}.Debug|Any CPU.ActiveCfg = Debug|Any CPU
		{0B537193-2047-4F65-8D77-3061FBA9F2CA}.Debug|Any CPU.Build.0 = Debug|Any CPU
		{0B537193-2047-4F65-8D77-3061FBA9F2CA}.Release|Any CPU.ActiveCfg = Release|Any CPU
		{0B537193-2047-4F65-8D77-3061FBA9F2CA}.Release|Any CPU.Build.0 = Release|Any CPU
	EndGlobalSection
	GlobalSection(SolutionProperties) = preSolution
		HideSolutionNode = FALSE
	EndGlobalSection
	GlobalSection(ExtensibilityGlobals) = postSolution
		SolutionGuid = {FD165FCB-7059-40F4-B013-B679DB1C045C}
	EndGlobalSection
EndGlobal
