
Microsoft Visual Studio Solution File, Format Version 12.00
# Visual Studio Version 17
VisualStudioVersion = 17.11.35327.3
MinimumVisualStudioVersion = 10.0.40219.1
Project("{9A19103F-16F7-4668-BE54-9A1E7A4F7556}") = "PersonsInfo", "PersonsInfo\PersonsInfo.csproj", "{4BCF843E-8E24-4653-B6B5-0A6B1F9F4D78}"
EndProject
Project("{FAE04EC0-301F-11D3-BF4B-00C04F79EFBC}") = "PersonsInfo2", "PersonsInfo2\PersonsInfo2.csproj", "{DA03E379-E65A-46E7-A743-C63032AEA63E}"
EndProject
Global
	GlobalSection(SolutionConfigurationPlatforms) = preSolution
		Debug|Any CPU = Debug|Any CPU
		Release|Any CPU = Release|Any CPU
	EndGlobalSection
	GlobalSection(ProjectConfigurationPlatforms) = postSolution
		{4BCF843E-8E24-4653-B6B5-0A6B1F9F4D78}.Debug|Any CPU.ActiveCfg = Debug|Any CPU
		{4BCF843E-8E24-4653-B6B5-0A6B1F9F4D78}.Debug|Any CPU.Build.0 = Debug|Any CPU
		{4BCF843E-8E24-4653-B6B5-0A6B1F9F4D78}.Release|Any CPU.ActiveCfg = Release|Any CPU
		{4BCF843E-8E24-4653-B6B5-0A6B1F9F4D78}.Release|Any CPU.Build.0 = Release|Any CPU
		{DA03E379-E65A-46E7-A743-C63032AEA63E}.Debug|Any CPU.ActiveCfg = Debug|Any CPU
		{DA03E379-E65A-46E7-A743-C63032AEA63E}.Debug|Any CPU.Build.0 = Debug|Any CPU
		{DA03E379-E65A-46E7-A743-C63032AEA63E}.Release|Any CPU.ActiveCfg = Release|Any CPU
		{DA03E379-E65A-46E7-A743-C63032AEA63E}.Release|Any CPU.Build.0 = Release|Any CPU
	EndGlobalSection
	GlobalSection(SolutionProperties) = preSolution
		HideSolutionNode = FALSE
	EndGlobalSection
	GlobalSection(ExtensibilityGlobals) = postSolution
		SolutionGuid = {0FE9C02B-AFC4-4ABB-9064-33B451808DFA}
	EndGlobalSection
EndGlobal
