
Microsoft Visual Studio Solution File, Format Version 12.00
# Visual Studio Version 17
VisualStudioVersion = 17.11.35327.3
MinimumVisualStudioVersion = 10.0.40219.1
Project("{FAE04EC0-301F-11D3-BF4B-00C04F79EFBC}") = "01.DiagonalDifference", "01.DiagonalDifference\01.DiagonalDifference.csproj", "{A72B43C2-F064-406C-8155-35E967FDA61B}"
EndProject
Project("{FAE04EC0-301F-11D3-BF4B-00C04F79EFBC}") = "02.SquaresInMatrix", "02.SquaresInMatrix\02.SquaresInMatrix.csproj", "{47766A26-4864-4092-AD40-B6487472BA97}"
EndProject
Project("{FAE04EC0-301F-11D3-BF4B-00C04F79EFBC}") = "03.MaximalSum", "03.MaximalSum\03.MaximalSum.csproj", "{86939648-D89D-4BED-AC2F-F818B61EC67A}"
EndProject
Project("{FAE04EC0-301F-11D3-BF4B-00C04F79EFBC}") = "04.MatrixShuffling", "04.MatrixShuffling\04.MatrixShuffling.csproj", "{023DBE1F-E623-4A85-8E7A-2258CCA8BE3B}"
EndProject
Project("{FAE04EC0-301F-11D3-BF4B-00C04F79EFBC}") = "05.SnakeMoves", "05.SnakeMoves\05.SnakeMoves.csproj", "{FBC2CE7A-33AB-40DE-9F56-C73ABABBA7C6}"
EndProject
Project("{FAE04EC0-301F-11D3-BF4B-00C04F79EFBC}") = "06.JaggedArrayManipulator", "06.JaggedArrayManipulator\06.JaggedArrayManipulator.csproj", "{F7779C7F-7FDB-457F-A5EB-1288A85140B8}"
EndProject
Project("{FAE04EC0-301F-11D3-BF4B-00C04F79EFBC}") = "07.KnightGame", "07.KnightGame\07.KnightGame.csproj", "{3111684B-1564-45E1-95DA-EE489DC3C8C9}"
EndProject
Global
	GlobalSection(SolutionConfigurationPlatforms) = preSolution
		Debug|Any CPU = Debug|Any CPU
		Release|Any CPU = Release|Any CPU
	EndGlobalSection
	GlobalSection(ProjectConfigurationPlatforms) = postSolution
		{A72B43C2-F064-406C-8155-35E967FDA61B}.Debug|Any CPU.ActiveCfg = Debug|Any CPU
		{A72B43C2-F064-406C-8155-35E967FDA61B}.Debug|Any CPU.Build.0 = Debug|Any CPU
		{A72B43C2-F064-406C-8155-35E967FDA61B}.Release|Any CPU.ActiveCfg = Release|Any CPU
		{A72B43C2-F064-406C-8155-35E967FDA61B}.Release|Any CPU.Build.0 = Release|Any CPU
		{47766A26-4864-4092-AD40-B6487472BA97}.Debug|Any CPU.ActiveCfg = Debug|Any CPU
		{47766A26-4864-4092-AD40-B6487472BA97}.Debug|Any CPU.Build.0 = Debug|Any CPU
		{47766A26-4864-4092-AD40-B6487472BA97}.Release|Any CPU.ActiveCfg = Release|Any CPU
		{47766A26-4864-4092-AD40-B6487472BA97}.Release|Any CPU.Build.0 = Release|Any CPU
		{86939648-D89D-4BED-AC2F-F818B61EC67A}.Debug|Any CPU.ActiveCfg = Debug|Any CPU
		{86939648-D89D-4BED-AC2F-F818B61EC67A}.Debug|Any CPU.Build.0 = Debug|Any CPU
		{86939648-D89D-4BED-AC2F-F818B61EC67A}.Release|Any CPU.ActiveCfg = Release|Any CPU
		{86939648-D89D-4BED-AC2F-F818B61EC67A}.Release|Any CPU.Build.0 = Release|Any CPU
		{023DBE1F-E623-4A85-8E7A-2258CCA8BE3B}.Debug|Any CPU.ActiveCfg = Debug|Any CPU
		{023DBE1F-E623-4A85-8E7A-2258CCA8BE3B}.Debug|Any CPU.Build.0 = Debug|Any CPU
		{023DBE1F-E623-4A85-8E7A-2258CCA8BE3B}.Release|Any CPU.ActiveCfg = Release|Any CPU
		{023DBE1F-E623-4A85-8E7A-2258CCA8BE3B}.Release|Any CPU.Build.0 = Release|Any CPU
		{FBC2CE7A-33AB-40DE-9F56-C73ABABBA7C6}.Debug|Any CPU.ActiveCfg = Debug|Any CPU
		{FBC2CE7A-33AB-40DE-9F56-C73ABABBA7C6}.Debug|Any CPU.Build.0 = Debug|Any CPU
		{FBC2CE7A-33AB-40DE-9F56-C73ABABBA7C6}.Release|Any CPU.ActiveCfg = Release|Any CPU
		{FBC2CE7A-33AB-40DE-9F56-C73ABABBA7C6}.Release|Any CPU.Build.0 = Release|Any CPU
		{F7779C7F-7FDB-457F-A5EB-1288A85140B8}.Debug|Any CPU.ActiveCfg = Debug|Any CPU
		{F7779C7F-7FDB-457F-A5EB-1288A85140B8}.Debug|Any CPU.Build.0 = Debug|Any CPU
		{F7779C7F-7FDB-457F-A5EB-1288A85140B8}.Release|Any CPU.ActiveCfg = Release|Any CPU
		{F7779C7F-7FDB-457F-A5EB-1288A85140B8}.Release|Any CPU.Build.0 = Release|Any CPU
		{3111684B-1564-45E1-95DA-EE489DC3C8C9}.Debug|Any CPU.ActiveCfg = Debug|Any CPU
		{3111684B-1564-45E1-95DA-EE489DC3C8C9}.Debug|Any CPU.Build.0 = Debug|Any CPU
		{3111684B-1564-45E1-95DA-EE489DC3C8C9}.Release|Any CPU.ActiveCfg = Release|Any CPU
		{3111684B-1564-45E1-95DA-EE489DC3C8C9}.Release|Any CPU.Build.0 = Release|Any CPU
	EndGlobalSection
	GlobalSection(SolutionProperties) = preSolution
		HideSolutionNode = FALSE
	EndGlobalSection
	GlobalSection(ExtensibilityGlobals) = postSolution
		SolutionGuid = {595B88C1-D08F-475B-8F61-6A3732AB925D}
	EndGlobalSection
EndGlobal
