
Microsoft Visual Studio Solution File, Format Version 12.00
# Visual Studio Version 17
VisualStudioVersion = 17.11.35327.3
MinimumVisualStudioVersion = 10.0.40219.1
Project("{FAE04EC0-301F-11D3-BF4B-00C04F79EFBC}") = "SoftUni", "02.Database First\SoftUni.csproj", "{4CD5E5C7-A145-4E8D-BF53-DD9907189086}"
EndProject
Global
	GlobalSection(SolutionConfigurationPlatforms) = preSolution
		Debug|Any CPU = Debug|Any CPU
		Release|Any CPU = Release|Any CPU
	EndGlobalSection
	GlobalSection(ProjectConfigurationPlatforms) = postSolution
		{4CD5E5C7-A145-4E8D-BF53-DD9907189086}.Debug|Any CPU.ActiveCfg = Debug|Any CPU
		{4CD5E5C7-A145-4E8D-BF53-DD9907189086}.Debug|Any CPU.Build.0 = Debug|Any CPU
		{4CD5E5C7-A145-4E8D-BF53-DD9907189086}.Release|Any CPU.ActiveCfg = Release|Any CPU
		{4CD5E5C7-A145-4E8D-BF53-DD9907189086}.Release|Any CPU.Build.0 = Release|Any CPU
	EndGlobalSection
	GlobalSection(SolutionProperties) = preSolution
		HideSolutionNode = FALSE
	EndGlobalSection
	GlobalSection(ExtensibilityGlobals) = postSolution
		SolutionGuid = {E748554B-BD0B-4610-9128-F521EDE2BC7D}
	EndGlobalSection
EndGlobal
