
Microsoft Visual Studio Solution File, Format Version 12.00
# Visual Studio Version 17
VisualStudioVersion = 17.10.35013.160
MinimumVisualStudioVersion = 10.0.40219.1
Project("{FAE04EC0-301F-11D3-BF4B-00C04F79EFBC}") = "01.EncryptSortAndPrintArray", "01.EncryptSortAndPrintArray\01.EncryptSortAndPrintArray.csproj", "{634D8630-7833-46C3-A9F3-BD2DDCAC0FEE}"
EndProject
Project("{FAE04EC0-301F-11D3-BF4B-00C04F79EFBC}") = "02.PascalTriangle", "02.PascalTriangle\02.PascalTriangle.csproj", "{D1250EC6-9487-48FD-9054-0D5B988F062D}"
EndProject
Project("{FAE04EC0-301F-11D3-BF4B-00C04F79EFBC}") = "03.RecursiveFibonacci", "03.RecursiveFibonacci\03.RecursiveFibonacci.csproj", "{B55AE05D-6CD6-4B36-A360-03D5C2E747F5}"
EndProject
Project("{FAE04EC0-301F-11D3-BF4B-00C04F79EFBC}") = "04.FoldAndSum", "04.FoldAndSum\04.FoldAndSum.csproj", "{BE7762DD-05DD-407A-A9F4-2010A8855B4A}"
EndProject
Project("{FAE04EC0-301F-11D3-BF4B-00C04F79EFBC}") = "05.LongestIncreasingSubsequence", "05.LongestIncreasingSubsequence\05.LongestIncreasingSubsequence.csproj", "{50CDE103-501A-4C1F-BA46-12A22DF78E63}"
EndProject
Global
	GlobalSection(SolutionConfigurationPlatforms) = preSolution
		Debug|Any CPU = Debug|Any CPU
		Release|Any CPU = Release|Any CPU
	EndGlobalSection
	GlobalSection(ProjectConfigurationPlatforms) = postSolution
		{634D8630-7833-46C3-A9F3-BD2DDCAC0FEE}.Debug|Any CPU.ActiveCfg = Debug|Any CPU
		{634D8630-7833-46C3-A9F3-BD2DDCAC0FEE}.Debug|Any CPU.Build.0 = Debug|Any CPU
		{634D8630-7833-46C3-A9F3-BD2DDCAC0FEE}.Release|Any CPU.ActiveCfg = Release|Any CPU
		{634D8630-7833-46C3-A9F3-BD2DDCAC0FEE}.Release|Any CPU.Build.0 = Release|Any CPU
		{D1250EC6-9487-48FD-9054-0D5B988F062D}.Debug|Any CPU.ActiveCfg = Debug|Any CPU
		{D1250EC6-9487-48FD-9054-0D5B988F062D}.Debug|Any CPU.Build.0 = Debug|Any CPU
		{D1250EC6-9487-48FD-9054-0D5B988F062D}.Release|Any CPU.ActiveCfg = Release|Any CPU
		{D1250EC6-9487-48FD-9054-0D5B988F062D}.Release|Any CPU.Build.0 = Release|Any CPU
		{B55AE05D-6CD6-4B36-A360-03D5C2E747F5}.Debug|Any CPU.ActiveCfg = Debug|Any CPU
		{B55AE05D-6CD6-4B36-A360-03D5C2E747F5}.Debug|Any CPU.Build.0 = Debug|Any CPU
		{B55AE05D-6CD6-4B36-A360-03D5C2E747F5}.Release|Any CPU.ActiveCfg = Release|Any CPU
		{B55AE05D-6CD6-4B36-A360-03D5C2E747F5}.Release|Any CPU.Build.0 = Release|Any CPU
		{BE7762DD-05DD-407A-A9F4-2010A8855B4A}.Debug|Any CPU.ActiveCfg = Debug|Any CPU
		{BE7762DD-05DD-407A-A9F4-2010A8855B4A}.Debug|Any CPU.Build.0 = Debug|Any CPU
		{BE7762DD-05DD-407A-A9F4-2010A8855B4A}.Release|Any CPU.ActiveCfg = Release|Any CPU
		{BE7762DD-05DD-407A-A9F4-2010A8855B4A}.Release|Any CPU.Build.0 = Release|Any CPU
		{50CDE103-501A-4C1F-BA46-12A22DF78E63}.Debug|Any CPU.ActiveCfg = Debug|Any CPU
		{50CDE103-501A-4C1F-BA46-12A22DF78E63}.Debug|Any CPU.Build.0 = Debug|Any CPU
		{50CDE103-501A-4C1F-BA46-12A22DF78E63}.Release|Any CPU.ActiveCfg = Release|Any CPU
		{50CDE103-501A-4C1F-BA46-12A22DF78E63}.Release|Any CPU.Build.0 = Release|Any CPU
	EndGlobalSection
	GlobalSection(SolutionProperties) = preSolution
		HideSolutionNode = FALSE
	EndGlobalSection
	GlobalSection(ExtensibilityGlobals) = postSolution
		SolutionGuid = {CEBCAEB5-8314-4CEF-9220-CA947B7B5335}
	EndGlobalSection
EndGlobal
