
Microsoft Visual Studio Solution File, Format Version 12.00
# Visual Studio Version 17
VisualStudioVersion = 17.10.35013.160
MinimumVisualStudioVersion = 10.0.40219.1
Project("{FAE04EC0-301F-11D3-BF4B-00C04F79EFBC}") = "01.Messaging", "01.Messaging\01.Messaging.csproj", "{1242D8A0-5AF1-478B-A7F8-A9B4FA8BD056}"
EndProject
Project("{FAE04EC0-301F-11D3-BF4B-00C04F79EFBC}") = "00.Demo", "00.Demo\00.Demo.csproj", "{21868C52-DA56-430D-B4B4-D689CB3C9EF4}"
EndProject
Project("{FAE04EC0-301F-11D3-BF4B-00C04F79EFBC}") = "02.CarRace", "02.CarRace\02.CarRace.csproj", "{C6BF3B74-F4DD-46F9-AB03-76B43911DD6C}"
EndProject
Project("{FAE04EC0-301F-11D3-BF4B-00C04F79EFBC}") = "03.TakeSkipRope", "03.TakeSkipRope\03.TakeSkipRope.csproj", "{CD8369C4-3698-44B3-B34E-D0B08FDD9BCD}"
EndProject
Project("{FAE04EC0-301F-11D3-BF4B-00C04F79EFBC}") = "04.MixedUpLists", "04.MixedUpLists\04.MixedUpLists.csproj", "{6F884A6B-E916-4734-966B-8C6E68C27938}"
EndProject
Global
	GlobalSection(SolutionConfigurationPlatforms) = preSolution
		Debug|Any CPU = Debug|Any CPU
		Release|Any CPU = Release|Any CPU
	EndGlobalSection
	GlobalSection(ProjectConfigurationPlatforms) = postSolution
		{1242D8A0-5AF1-478B-A7F8-A9B4FA8BD056}.Debug|Any CPU.ActiveCfg = Debug|Any CPU
		{1242D8A0-5AF1-478B-A7F8-A9B4FA8BD056}.Debug|Any CPU.Build.0 = Debug|Any CPU
		{1242D8A0-5AF1-478B-A7F8-A9B4FA8BD056}.Release|Any CPU.ActiveCfg = Release|Any CPU
		{1242D8A0-5AF1-478B-A7F8-A9B4FA8BD056}.Release|Any CPU.Build.0 = Release|Any CPU
		{21868C52-DA56-430D-B4B4-D689CB3C9EF4}.Debug|Any CPU.ActiveCfg = Debug|Any CPU
		{21868C52-DA56-430D-B4B4-D689CB3C9EF4}.Debug|Any CPU.Build.0 = Debug|Any CPU
		{21868C52-DA56-430D-B4B4-D689CB3C9EF4}.Release|Any CPU.ActiveCfg = Release|Any CPU
		{21868C52-DA56-430D-B4B4-D689CB3C9EF4}.Release|Any CPU.Build.0 = Release|Any CPU
		{C6BF3B74-F4DD-46F9-AB03-76B43911DD6C}.Debug|Any CPU.ActiveCfg = Debug|Any CPU
		{C6BF3B74-F4DD-46F9-AB03-76B43911DD6C}.Debug|Any CPU.Build.0 = Debug|Any CPU
		{C6BF3B74-F4DD-46F9-AB03-76B43911DD6C}.Release|Any CPU.ActiveCfg = Release|Any CPU
		{C6BF3B74-F4DD-46F9-AB03-76B43911DD6C}.Release|Any CPU.Build.0 = Release|Any CPU
		{CD8369C4-3698-44B3-B34E-D0B08FDD9BCD}.Debug|Any CPU.ActiveCfg = Debug|Any CPU
		{CD8369C4-3698-44B3-B34E-D0B08FDD9BCD}.Debug|Any CPU.Build.0 = Debug|Any CPU
		{CD8369C4-3698-44B3-B34E-D0B08FDD9BCD}.Release|Any CPU.ActiveCfg = Release|Any CPU
		{CD8369C4-3698-44B3-B34E-D0B08FDD9BCD}.Release|Any CPU.Build.0 = Release|Any CPU
		{6F884A6B-E916-4734-966B-8C6E68C27938}.Debug|Any CPU.ActiveCfg = Debug|Any CPU
		{6F884A6B-E916-4734-966B-8C6E68C27938}.Debug|Any CPU.Build.0 = Debug|Any CPU
		{6F884A6B-E916-4734-966B-8C6E68C27938}.Release|Any CPU.ActiveCfg = Release|Any CPU
		{6F884A6B-E916-4734-966B-8C6E68C27938}.Release|Any CPU.Build.0 = Release|Any CPU
	EndGlobalSection
	GlobalSection(SolutionProperties) = preSolution
		HideSolutionNode = FALSE
	EndGlobalSection
	GlobalSection(ExtensibilityGlobals) = postSolution
		SolutionGuid = {1381D2FF-F90F-4FFC-B9D2-0FB5C1233755}
	EndGlobalSection
EndGlobal
