
Microsoft Visual Studio Solution File, Format Version 12.00
# Visual Studio Version 17
VisualStudioVersion = 17.10.35013.160
MinimumVisualStudioVersion = 10.0.40219.1
Project("{FAE04EC0-301F-11D3-BF4B-00C04F79EFBC}") = "01.AdvertisementMessage", "01.AdvertisementMessage\01.AdvertisementMessage.csproj", "{6FB566AE-A20C-4F4B-ADE5-2578EF50CC48}"
EndProject
Project("{FAE04EC0-301F-11D3-BF4B-00C04F79EFBC}") = "02.Articles", "02.Articles\02.Articles.csproj", "{8D49862E-CA89-4829-89A5-457E466312B5}"
EndProject
Project("{FAE04EC0-301F-11D3-BF4B-00C04F79EFBC}") = "03.Articles2", "03.Articles2\03.Articles2.csproj", "{2A9DAB49-D0AA-4DF8-BD1A-032A7C448610}"
EndProject
Project("{FAE04EC0-301F-11D3-BF4B-00C04F79EFBC}") = "04.Students", "04.Students\04.Students.csproj", "{8D50C4F6-F328-4E5F-9F18-6E24A9B155DE}"
EndProject
Project("{FAE04EC0-301F-11D3-BF4B-00C04F79EFBC}") = "05.TeamworkProjects", "05.TeamworkProjects\05.TeamworkProjects.csproj", "{AA0E0B03-B6CB-469C-8B83-5C2C142B5D59}"
EndProject
Project("{FAE04EC0-301F-11D3-BF4B-00C04F79EFBC}") = "00.Demo", "00.Demo\00.Demo.csproj", "{8E51AA49-CFB1-4D42-A025-19D64E276FDD}"
EndProject
Global
	GlobalSection(SolutionConfigurationPlatforms) = preSolution
		Debug|Any CPU = Debug|Any CPU
		Release|Any CPU = Release|Any CPU
	EndGlobalSection
	GlobalSection(ProjectConfigurationPlatforms) = postSolution
		{6FB566AE-A20C-4F4B-ADE5-2578EF50CC48}.Debug|Any CPU.ActiveCfg = Debug|Any CPU
		{6FB566AE-A20C-4F4B-ADE5-2578EF50CC48}.Debug|Any CPU.Build.0 = Debug|Any CPU
		{6FB566AE-A20C-4F4B-ADE5-2578EF50CC48}.Release|Any CPU.ActiveCfg = Release|Any CPU
		{6FB566AE-A20C-4F4B-ADE5-2578EF50CC48}.Release|Any CPU.Build.0 = Release|Any CPU
		{8D49862E-CA89-4829-89A5-457E466312B5}.Debug|Any CPU.ActiveCfg = Debug|Any CPU
		{8D49862E-CA89-4829-89A5-457E466312B5}.Debug|Any CPU.Build.0 = Debug|Any CPU
		{8D49862E-CA89-4829-89A5-457E466312B5}.Release|Any CPU.ActiveCfg = Release|Any CPU
		{8D49862E-CA89-4829-89A5-457E466312B5}.Release|Any CPU.Build.0 = Release|Any CPU
		{2A9DAB49-D0AA-4DF8-BD1A-032A7C448610}.Debug|Any CPU.ActiveCfg = Debug|Any CPU
		{2A9DAB49-D0AA-4DF8-BD1A-032A7C448610}.Debug|Any CPU.Build.0 = Debug|Any CPU
		{2A9DAB49-D0AA-4DF8-BD1A-032A7C448610}.Release|Any CPU.ActiveCfg = Release|Any CPU
		{2A9DAB49-D0AA-4DF8-BD1A-032A7C448610}.Release|Any CPU.Build.0 = Release|Any CPU
		{8D50C4F6-F328-4E5F-9F18-6E24A9B155DE}.Debug|Any CPU.ActiveCfg = Debug|Any CPU
		{8D50C4F6-F328-4E5F-9F18-6E24A9B155DE}.Debug|Any CPU.Build.0 = Debug|Any CPU
		{8D50C4F6-F328-4E5F-9F18-6E24A9B155DE}.Release|Any CPU.ActiveCfg = Release|Any CPU
		{8D50C4F6-F328-4E5F-9F18-6E24A9B155DE}.Release|Any CPU.Build.0 = Release|Any CPU
		{AA0E0B03-B6CB-469C-8B83-5C2C142B5D59}.Debug|Any CPU.ActiveCfg = Debug|Any CPU
		{AA0E0B03-B6CB-469C-8B83-5C2C142B5D59}.Debug|Any CPU.Build.0 = Debug|Any CPU
		{AA0E0B03-B6CB-469C-8B83-5C2C142B5D59}.Release|Any CPU.ActiveCfg = Release|Any CPU
		{AA0E0B03-B6CB-469C-8B83-5C2C142B5D59}.Release|Any CPU.Build.0 = Release|Any CPU
		{8E51AA49-CFB1-4D42-A025-19D64E276FDD}.Debug|Any CPU.ActiveCfg = Debug|Any CPU
		{8E51AA49-CFB1-4D42-A025-19D64E276FDD}.Debug|Any CPU.Build.0 = Debug|Any CPU
		{8E51AA49-CFB1-4D42-A025-19D64E276FDD}.Release|Any CPU.ActiveCfg = Release|Any CPU
		{8E51AA49-CFB1-4D42-A025-19D64E276FDD}.Release|Any CPU.Build.0 = Release|Any CPU
	EndGlobalSection
	GlobalSection(SolutionProperties) = preSolution
		HideSolutionNode = FALSE
	EndGlobalSection
	GlobalSection(ExtensibilityGlobals) = postSolution
		SolutionGuid = {FC2D43F5-17D2-4BEA-A143-91A54749364A}
	EndGlobalSection
EndGlobal
