
Microsoft Visual Studio Solution File, Format Version 12.00
# Visual Studio Version 17
VisualStudioVersion = 17.11.35327.3
MinimumVisualStudioVersion = 10.0.40219.1
Project("{FAE04EC0-301F-11D3-BF4B-00C04F79EFBC}") = "01.ReverseStrings", "01.ReverseStrings\01.ReverseStrings.csproj", "{4C406A38-0AAC-4EC0-BDBC-67CC5BB5439A}"
EndProject
Project("{FAE04EC0-301F-11D3-BF4B-00C04F79EFBC}") = "02.RepeatStrings", "02.RepeatStrings\02.RepeatStrings.csproj", "{CDD0F796-3922-4776-B955-3B2BA37DD17B}"
EndProject
Project("{FAE04EC0-301F-11D3-BF4B-00C04F79EFBC}") = "03.Substring", "03.Substring\03.Substring.csproj", "{206F27AC-06E0-4440-8C86-56ECFC8647E0}"
EndProject
Project("{FAE04EC0-301F-11D3-BF4B-00C04F79EFBC}") = "04.TextFilter", "04.TextFilter\04.TextFilter.csproj", "{393D727D-E675-4F4B-B1B8-24AF4EC40245}"
EndProject
Project("{FAE04EC0-301F-11D3-BF4B-00C04F79EFBC}") = "05.DigitsLettersAndOther", "05.DigitsLettersAndOther\05.DigitsLettersAndOther.csproj", "{019A3D98-AE6D-4B29-A7AA-26E2FE2899A5}"
EndProject
Global
	GlobalSection(SolutionConfigurationPlatforms) = preSolution
		Debug|Any CPU = Debug|Any CPU
		Release|Any CPU = Release|Any CPU
	EndGlobalSection
	GlobalSection(ProjectConfigurationPlatforms) = postSolution
		{4C406A38-0AAC-4EC0-BDBC-67CC5BB5439A}.Debug|Any CPU.ActiveCfg = Debug|Any CPU
		{4C406A38-0AAC-4EC0-BDBC-67CC5BB5439A}.Debug|Any CPU.Build.0 = Debug|Any CPU
		{4C406A38-0AAC-4EC0-BDBC-67CC5BB5439A}.Release|Any CPU.ActiveCfg = Release|Any CPU
		{4C406A38-0AAC-4EC0-BDBC-67CC5BB5439A}.Release|Any CPU.Build.0 = Release|Any CPU
		{CDD0F796-3922-4776-B955-3B2BA37DD17B}.Debug|Any CPU.ActiveCfg = Debug|Any CPU
		{CDD0F796-3922-4776-B955-3B2BA37DD17B}.Debug|Any CPU.Build.0 = Debug|Any CPU
		{CDD0F796-3922-4776-B955-3B2BA37DD17B}.Release|Any CPU.ActiveCfg = Release|Any CPU
		{CDD0F796-3922-4776-B955-3B2BA37DD17B}.Release|Any CPU.Build.0 = Release|Any CPU
		{206F27AC-06E0-4440-8C86-56ECFC8647E0}.Debug|Any CPU.ActiveCfg = Debug|Any CPU
		{206F27AC-06E0-4440-8C86-56ECFC8647E0}.Debug|Any CPU.Build.0 = Debug|Any CPU
		{206F27AC-06E0-4440-8C86-56ECFC8647E0}.Release|Any CPU.ActiveCfg = Release|Any CPU
		{206F27AC-06E0-4440-8C86-56ECFC8647E0}.Release|Any CPU.Build.0 = Release|Any CPU
		{393D727D-E675-4F4B-B1B8-24AF4EC40245}.Debug|Any CPU.ActiveCfg = Debug|Any CPU
		{393D727D-E675-4F4B-B1B8-24AF4EC40245}.Debug|Any CPU.Build.0 = Debug|Any CPU
		{393D727D-E675-4F4B-B1B8-24AF4EC40245}.Release|Any CPU.ActiveCfg = Release|Any CPU
		{393D727D-E675-4F4B-B1B8-24AF4EC40245}.Release|Any CPU.Build.0 = Release|Any CPU
		{019A3D98-AE6D-4B29-A7AA-26E2FE2899A5}.Debug|Any CPU.ActiveCfg = Debug|Any CPU
		{019A3D98-AE6D-4B29-A7AA-26E2FE2899A5}.Debug|Any CPU.Build.0 = Debug|Any CPU
		{019A3D98-AE6D-4B29-A7AA-26E2FE2899A5}.Release|Any CPU.ActiveCfg = Release|Any CPU
		{019A3D98-AE6D-4B29-A7AA-26E2FE2899A5}.Release|Any CPU.Build.0 = Release|Any CPU
	EndGlobalSection
	GlobalSection(SolutionProperties) = preSolution
		HideSolutionNode = FALSE
	EndGlobalSection
	GlobalSection(ExtensibilityGlobals) = postSolution
		SolutionGuid = {CA49FBDE-2541-4BC4-8379-F04876841EBA}
	EndGlobalSection
EndGlobal
