
Microsoft Visual Studio Solution File, Format Version 12.00
# Visual Studio Version 17
VisualStudioVersion = 17.11.35327.3
MinimumVisualStudioVersion = 10.0.40219.1
Project("{FAE04EC0-301F-11D3-BF4B-00C04F79EFBC}") = "01.WildSurvival", "01.WildSurvival\01.WildSurvival.csproj", "{71412F72-D074-4B85-A18D-CB43A559467A}"
EndProject
Global
	GlobalSection(SolutionConfigurationPlatforms) = preSolution
		Debug|Any CPU = Debug|Any CPU
		Release|Any CPU = Release|Any CPU
	EndGlobalSection
	GlobalSection(ProjectConfigurationPlatforms) = postSolution
		{71412F72-D074-4B85-A18D-CB43A559467A}.Debug|Any CPU.ActiveCfg = Debug|Any CPU
		{71412F72-D074-4B85-A18D-CB43A559467A}.Debug|Any CPU.Build.0 = Debug|Any CPU
		{71412F72-D074-4B85-A18D-CB43A559467A}.Release|Any CPU.ActiveCfg = Release|Any CPU
		{71412F72-D074-4B85-A18D-CB43A559467A}.Release|Any CPU.Build.0 = Release|Any CPU
	EndGlobalSection
	GlobalSection(SolutionProperties) = preSolution
		HideSolutionNode = FALSE
	EndGlobalSection
	GlobalSection(ExtensibilityGlobals) = postSolution
		SolutionGuid = {C0D305FC-2DCA-4FD5-8489-BDE9EF411E88}
	EndGlobalSection
EndGlobal
