
Microsoft Visual Studio Solution File, Format Version 12.00
# Visual Studio Version 17
VisualStudioVersion = 17.11.35327.3
MinimumVisualStudioVersion = 10.0.40219.1
Project("{9A19103F-16F7-4668-BE54-9A1E7A4F7556}") = "01.ValidUsernames", "01.ValidUsernames\01.ValidUsernames.csproj", "{915BCEBA-ADBD-4426-A7CE-7660FED0E6CE}"
EndProject
Project("{9A19103F-16F7-4668-BE54-9A1E7A4F7556}") = "02.CharacterMultiplier", "02.CharacterMultiplier\02.CharacterMultiplier.csproj", "{907901EF-E759-4518-8705-64A223749FF1}"
EndProject
Project("{9A19103F-16F7-4668-BE54-9A1E7A4F7556}") = "03.ExtractFile", "03.ExtractFile\03.ExtractFile.csproj", "{B3FE511E-B3FC-46F3-B95B-61D3CA9F527C}"
EndProject
Project("{9A19103F-16F7-4668-BE54-9A1E7A4F7556}") = "04.CaesarCipher", "04.CaesarCipher\04.CaesarCipher.csproj", "{6C890EA5-D483-4178-AFFA-1FC4763067ED}"
EndProject
Project("{9A19103F-16F7-4668-BE54-9A1E7A4F7556}") = "05.MultiplyBigNumber", "05.MultiplyBigNumber\05.MultiplyBigNumber.csproj", "{B25A7F30-08E7-49C2-9E01-CD8038EDD239}"
EndProject
Project("{FAE04EC0-301F-11D3-BF4B-00C04F79EFBC}") = "06.ReplaceRepeatingChars", "06.ReplaceRepeatingChars\06.ReplaceRepeatingChars.csproj", "{36499431-16B8-4CB1-A60B-243BE8C1F2D2}"
EndProject
Project("{FAE04EC0-301F-11D3-BF4B-00C04F79EFBC}") = "07.StringExplosion", "07.StringExplosion\07.StringExplosion.csproj", "{6A173EE6-8862-4E7C-8D42-2DB346286823}"
EndProject
Project("{FAE04EC0-301F-11D3-BF4B-00C04F79EFBC}") = "08.LettersChangeNumbers", "08.LettersChangeNumbers\08.LettersChangeNumbers.csproj", "{91F1A061-CFB2-4029-B111-AC21F41B3983}"
EndProject
Global
	GlobalSection(SolutionConfigurationPlatforms) = preSolution
		Debug|Any CPU = Debug|Any CPU
		Release|Any CPU = Release|Any CPU
	EndGlobalSection
	GlobalSection(ProjectConfigurationPlatforms) = postSolution
		{915BCEBA-ADBD-4426-A7CE-7660FED0E6CE}.Debug|Any CPU.ActiveCfg = Debug|Any CPU
		{915BCEBA-ADBD-4426-A7CE-7660FED0E6CE}.Debug|Any CPU.Build.0 = Debug|Any CPU
		{915BCEBA-ADBD-4426-A7CE-7660FED0E6CE}.Release|Any CPU.ActiveCfg = Release|Any CPU
		{915BCEBA-ADBD-4426-A7CE-7660FED0E6CE}.Release|Any CPU.Build.0 = Release|Any CPU
		{907901EF-E759-4518-8705-64A223749FF1}.Debug|Any CPU.ActiveCfg = Debug|Any CPU
		{907901EF-E759-4518-8705-64A223749FF1}.Debug|Any CPU.Build.0 = Debug|Any CPU
		{907901EF-E759-4518-8705-64A223749FF1}.Release|Any CPU.ActiveCfg = Release|Any CPU
		{907901EF-E759-4518-8705-64A223749FF1}.Release|Any CPU.Build.0 = Release|Any CPU
		{B3FE511E-B3FC-46F3-B95B-61D3CA9F527C}.Debug|Any CPU.ActiveCfg = Debug|Any CPU
		{B3FE511E-B3FC-46F3-B95B-61D3CA9F527C}.Debug|Any CPU.Build.0 = Debug|Any CPU
		{B3FE511E-B3FC-46F3-B95B-61D3CA9F527C}.Release|Any CPU.ActiveCfg = Release|Any CPU
		{B3FE511E-B3FC-46F3-B95B-61D3CA9F527C}.Release|Any CPU.Build.0 = Release|Any CPU
		{6C890EA5-D483-4178-AFFA-1FC4763067ED}.Debug|Any CPU.ActiveCfg = Debug|Any CPU
		{6C890EA5-D483-4178-AFFA-1FC4763067ED}.Debug|Any CPU.Build.0 = Debug|Any CPU
		{6C890EA5-D483-4178-AFFA-1FC4763067ED}.Release|Any CPU.ActiveCfg = Release|Any CPU
		{6C890EA5-D483-4178-AFFA-1FC4763067ED}.Release|Any CPU.Build.0 = Release|Any CPU
		{B25A7F30-08E7-49C2-9E01-CD8038EDD239}.Debug|Any CPU.ActiveCfg = Debug|Any CPU
		{B25A7F30-08E7-49C2-9E01-CD8038EDD239}.Debug|Any CPU.Build.0 = Debug|Any CPU
		{B25A7F30-08E7-49C2-9E01-CD8038EDD239}.Release|Any CPU.ActiveCfg = Release|Any CPU
		{B25A7F30-08E7-49C2-9E01-CD8038EDD239}.Release|Any CPU.Build.0 = Release|Any CPU
		{36499431-16B8-4CB1-A60B-243BE8C1F2D2}.Debug|Any CPU.ActiveCfg = Debug|Any CPU
		{36499431-16B8-4CB1-A60B-243BE8C1F2D2}.Debug|Any CPU.Build.0 = Debug|Any CPU
		{36499431-16B8-4CB1-A60B-243BE8C1F2D2}.Release|Any CPU.ActiveCfg = Release|Any CPU
		{36499431-16B8-4CB1-A60B-243BE8C1F2D2}.Release|Any CPU.Build.0 = Release|Any CPU
		{6A173EE6-8862-4E7C-8D42-2DB346286823}.Debug|Any CPU.ActiveCfg = Debug|Any CPU
		{6A173EE6-8862-4E7C-8D42-2DB346286823}.Debug|Any CPU.Build.0 = Debug|Any CPU
		{6A173EE6-8862-4E7C-8D42-2DB346286823}.Release|Any CPU.ActiveCfg = Release|Any CPU
		{6A173EE6-8862-4E7C-8D42-2DB346286823}.Release|Any CPU.Build.0 = Release|Any CPU
		{91F1A061-CFB2-4029-B111-AC21F41B3983}.Debug|Any CPU.ActiveCfg = Debug|Any CPU
		{91F1A061-CFB2-4029-B111-AC21F41B3983}.Debug|Any CPU.Build.0 = Debug|Any CPU
		{91F1A061-CFB2-4029-B111-AC21F41B3983}.Release|Any CPU.ActiveCfg = Release|Any CPU
		{91F1A061-CFB2-4029-B111-AC21F41B3983}.Release|Any CPU.Build.0 = Release|Any CPU
	EndGlobalSection
	GlobalSection(SolutionProperties) = preSolution
		HideSolutionNode = FALSE
	EndGlobalSection
	GlobalSection(ExtensibilityGlobals) = postSolution
		SolutionGuid = {2F66AC31-FD2E-46E4-8750-4E17732074BB}
	EndGlobalSection
EndGlobal
