
Microsoft Visual Studio Solution File, Format Version 12.00
# Visual Studio Version 17
VisualStudioVersion = 17.11.35327.3
MinimumVisualStudioVersion = 10.0.40219.1
Project("{9A19103F-16F7-4668-BE54-9A1E7A4F7556}") = "01.Shapes", "01.Shapes\01.Shapes.csproj", "{F9514DD3-0A29-49B8-BB49-C2F36F24ADBE}"
EndProject
Project("{FAE04EC0-301F-11D3-BF4B-00C04F79EFBC}") = "02.Cars", "02.Cars\02.Cars.csproj", "{E35EC7F5-2D80-4102-846E-D05CFFD1763D}"
EndProject
Global
	GlobalSection(SolutionConfigurationPlatforms) = preSolution
		Debug|Any CPU = Debug|Any CPU
		Release|Any CPU = Release|Any CPU
	EndGlobalSection
	GlobalSection(ProjectConfigurationPlatforms) = postSolution
		{F9514DD3-0A29-49B8-BB49-C2F36F24ADBE}.Debug|Any CPU.ActiveCfg = Debug|Any CPU
		{F9514DD3-0A29-49B8-BB49-C2F36F24ADBE}.Debug|Any CPU.Build.0 = Debug|Any CPU
		{F9514DD3-0A29-49B8-BB49-C2F36F24ADBE}.Release|Any CPU.ActiveCfg = Release|Any CPU
		{F9514DD3-0A29-49B8-BB49-C2F36F24ADBE}.Release|Any CPU.Build.0 = Release|Any CPU
		{E35EC7F5-2D80-4102-846E-D05CFFD1763D}.Debug|Any CPU.ActiveCfg = Debug|Any CPU
		{E35EC7F5-2D80-4102-846E-D05CFFD1763D}.Debug|Any CPU.Build.0 = Debug|Any CPU
		{E35EC7F5-2D80-4102-846E-D05CFFD1763D}.Release|Any CPU.ActiveCfg = Release|Any CPU
		{E35EC7F5-2D80-4102-846E-D05CFFD1763D}.Release|Any CPU.Build.0 = Release|Any CPU
	EndGlobalSection
	GlobalSection(SolutionProperties) = preSolution
		HideSolutionNode = FALSE
	EndGlobalSection
	GlobalSection(ExtensibilityGlobals) = postSolution
		SolutionGuid = {3F8FB250-0887-4E40-BBAA-9D33D7903234}
	EndGlobalSection
EndGlobal
