
Microsoft Visual Studio Solution File, Format Version 12.00
# Visual Studio Version 17
VisualStudioVersion = 17.11.35327.3
MinimumVisualStudioVersion = 10.0.40219.1
Project("{FAE04EC0-301F-11D3-BF4B-00C04F79EFBC}") = "01.BoxOfT", "01.Box\01.BoxOfT.csproj", "{72FFFB27-232B-4333-89D5-078778AE7B94}"
EndProject
Project("{FAE04EC0-301F-11D3-BF4B-00C04F79EFBC}") = "02.ArrayCreator", "02.ArrayCreator\02.ArrayCreator.csproj", "{9C8BC215-F755-4DD2-A1E6-94DF084371C3}"
EndProject
Project("{FAE04EC0-301F-11D3-BF4B-00C04F79EFBC}") = "03.GenericScale", "03.GenericScale\03.GenericScale.csproj", "{8831F4E9-671C-427C-9DDB-3C591C219048}"
EndProject
Global
	GlobalSection(SolutionConfigurationPlatforms) = preSolution
		Debug|Any CPU = Debug|Any CPU
		Release|Any CPU = Release|Any CPU
	EndGlobalSection
	GlobalSection(ProjectConfigurationPlatforms) = postSolution
		{72FFFB27-232B-4333-89D5-078778AE7B94}.Debug|Any CPU.ActiveCfg = Debug|Any CPU
		{72FFFB27-232B-4333-89D5-078778AE7B94}.Debug|Any CPU.Build.0 = Debug|Any CPU
		{72FFFB27-232B-4333-89D5-078778AE7B94}.Release|Any CPU.ActiveCfg = Release|Any CPU
		{72FFFB27-232B-4333-89D5-078778AE7B94}.Release|Any CPU.Build.0 = Release|Any CPU
		{9C8BC215-F755-4DD2-A1E6-94DF084371C3}.Debug|Any CPU.ActiveCfg = Debug|Any CPU
		{9C8BC215-F755-4DD2-A1E6-94DF084371C3}.Debug|Any CPU.Build.0 = Debug|Any CPU
		{9C8BC215-F755-4DD2-A1E6-94DF084371C3}.Release|Any CPU.ActiveCfg = Release|Any CPU
		{9C8BC215-F755-4DD2-A1E6-94DF084371C3}.Release|Any CPU.Build.0 = Release|Any CPU
		{8831F4E9-671C-427C-9DDB-3C591C219048}.Debug|Any CPU.ActiveCfg = Debug|Any CPU
		{8831F4E9-671C-427C-9DDB-3C591C219048}.Debug|Any CPU.Build.0 = Debug|Any CPU
		{8831F4E9-671C-427C-9DDB-3C591C219048}.Release|Any CPU.ActiveCfg = Release|Any CPU
		{8831F4E9-671C-427C-9DDB-3C591C219048}.Release|Any CPU.Build.0 = Release|Any CPU
	EndGlobalSection
	GlobalSection(SolutionProperties) = preSolution
		HideSolutionNode = FALSE
	EndGlobalSection
	GlobalSection(ExtensibilityGlobals) = postSolution
		SolutionGuid = {B3AAF6C4-5D8B-4B3D-B3CC-D23B649F0DC9}
	EndGlobalSection
EndGlobal
