
Microsoft Visual Studio Solution File, Format Version 12.00
# Visual Studio Version 17
VisualStudioVersion = 17.9.34728.123
MinimumVisualStudioVersion = 10.0.40219.1
Project("{FAE04EC0-301F-11D3-BF4B-00C04F79EFBC}") = "01.Clock", "01.Clock\01.Clock.csproj", "{8DBC0109-BA20-4101-B498-FCB30A59C669}"
EndProject
Project("{FAE04EC0-301F-11D3-BF4B-00C04F79EFBC}") = "00.Demo", "00.Demo\00.Demo.csproj", "{B7B94106-D1AE-462E-8EBC-6C741F75EAC6}"
EndProject
Project("{FAE04EC0-301F-11D3-BF4B-00C04F79EFBC}") = "02.MultiplicationTable", "02.MultiplicationTable\02.MultiplicationTable.csproj", "{31CF7334-8406-4132-BA8F-D477F665D11C}"
EndProject
Project("{FAE04EC0-301F-11D3-BF4B-00C04F79EFBC}") = "03.Combinations", "03.Combinations\03.Combinations.csproj", "{F40B5A83-7BA5-4D9F-9FD2-AD3D6A06C023}"
EndProject
Project("{FAE04EC0-301F-11D3-BF4B-00C04F79EFBC}") = "04.SumOfTwoNumbers", "04.SumOfTwoNumbers\04.SumOfTwoNumbers.csproj", "{8CE25C38-572E-4921-BDB4-60F0316DADCE}"
EndProject
Project("{FAE04EC0-301F-11D3-BF4B-00C04F79EFBC}") = "05.Travelling", "05.Travelling\05.Travelling.csproj", "{E8F33DAE-00EB-4FD5-8096-17F2EDB32A70}"
EndProject
Project("{FAE04EC0-301F-11D3-BF4B-00C04F79EFBC}") = "06. Building", "06. Building\06. Building.csproj", "{9CAA7D44-8255-4F00-B1C4-1AFC4B36A790}"
EndProject
Global
	GlobalSection(SolutionConfigurationPlatforms) = preSolution
		Debug|Any CPU = Debug|Any CPU
		Release|Any CPU = Release|Any CPU
	EndGlobalSection
	GlobalSection(ProjectConfigurationPlatforms) = postSolution
		{8DBC0109-BA20-4101-B498-FCB30A59C669}.Debug|Any CPU.ActiveCfg = Debug|Any CPU
		{8DBC0109-BA20-4101-B498-FCB30A59C669}.Debug|Any CPU.Build.0 = Debug|Any CPU
		{8DBC0109-BA20-4101-B498-FCB30A59C669}.Release|Any CPU.ActiveCfg = Release|Any CPU
		{8DBC0109-BA20-4101-B498-FCB30A59C669}.Release|Any CPU.Build.0 = Release|Any CPU
		{B7B94106-D1AE-462E-8EBC-6C741F75EAC6}.Debug|Any CPU.ActiveCfg = Debug|Any CPU
		{B7B94106-D1AE-462E-8EBC-6C741F75EAC6}.Debug|Any CPU.Build.0 = Debug|Any CPU
		{B7B94106-D1AE-462E-8EBC-6C741F75EAC6}.Release|Any CPU.ActiveCfg = Release|Any CPU
		{B7B94106-D1AE-462E-8EBC-6C741F75EAC6}.Release|Any CPU.Build.0 = Release|Any CPU
		{31CF7334-8406-4132-BA8F-D477F665D11C}.Debug|Any CPU.ActiveCfg = Debug|Any CPU
		{31CF7334-8406-4132-BA8F-D477F665D11C}.Debug|Any CPU.Build.0 = Debug|Any CPU
		{31CF7334-8406-4132-BA8F-D477F665D11C}.Release|Any CPU.ActiveCfg = Release|Any CPU
		{31CF7334-8406-4132-BA8F-D477F665D11C}.Release|Any CPU.Build.0 = Release|Any CPU
		{F40B5A83-7BA5-4D9F-9FD2-AD3D6A06C023}.Debug|Any CPU.ActiveCfg = Debug|Any CPU
		{F40B5A83-7BA5-4D9F-9FD2-AD3D6A06C023}.Debug|Any CPU.Build.0 = Debug|Any CPU
		{F40B5A83-7BA5-4D9F-9FD2-AD3D6A06C023}.Release|Any CPU.ActiveCfg = Release|Any CPU
		{F40B5A83-7BA5-4D9F-9FD2-AD3D6A06C023}.Release|Any CPU.Build.0 = Release|Any CPU
		{8CE25C38-572E-4921-BDB4-60F0316DADCE}.Debug|Any CPU.ActiveCfg = Debug|Any CPU
		{8CE25C38-572E-4921-BDB4-60F0316DADCE}.Debug|Any CPU.Build.0 = Debug|Any CPU
		{8CE25C38-572E-4921-BDB4-60F0316DADCE}.Release|Any CPU.ActiveCfg = Release|Any CPU
		{8CE25C38-572E-4921-BDB4-60F0316DADCE}.Release|Any CPU.Build.0 = Release|Any CPU
		{E8F33DAE-00EB-4FD5-8096-17F2EDB32A70}.Debug|Any CPU.ActiveCfg = Debug|Any CPU
		{E8F33DAE-00EB-4FD5-8096-17F2EDB32A70}.Debug|Any CPU.Build.0 = Debug|Any CPU
		{E8F33DAE-00EB-4FD5-8096-17F2EDB32A70}.Release|Any CPU.ActiveCfg = Release|Any CPU
		{E8F33DAE-00EB-4FD5-8096-17F2EDB32A70}.Release|Any CPU.Build.0 = Release|Any CPU
		{9CAA7D44-8255-4F00-B1C4-1AFC4B36A790}.Debug|Any CPU.ActiveCfg = Debug|Any CPU
		{9CAA7D44-8255-4F00-B1C4-1AFC4B36A790}.Debug|Any CPU.Build.0 = Debug|Any CPU
		{9CAA7D44-8255-4F00-B1C4-1AFC4B36A790}.Release|Any CPU.ActiveCfg = Release|Any CPU
		{9CAA7D44-8255-4F00-B1C4-1AFC4B36A790}.Release|Any CPU.Build.0 = Release|Any CPU
	EndGlobalSection
	GlobalSection(SolutionProperties) = preSolution
		HideSolutionNode = FALSE
	EndGlobalSection
	GlobalSection(ExtensibilityGlobals) = postSolution
		SolutionGuid = {9BE86F16-B126-4EF9-88A4-8634B90A2A12}
	EndGlobalSection
EndGlobal
