
Microsoft Visual Studio Solution File, Format Version 12.00
# Visual Studio Version 17
VisualStudioVersion = 17.9.34728.123
MinimumVisualStudioVersion = 10.0.40219.1
Project("{9A19103F-16F7-4668-BE54-9A1E7A4F7556}") = "01.TennisEquipment", "01.TennisEquipment\01.TennisEquipment.csproj", "{B8D3F6B7-C0C2-4123-AFA0-E4D2B9FBF8DE}"
EndProject
Project("{9A19103F-16F7-4668-BE54-9A1E7A4F7556}") = "01.BasketballEquipment", "01.BasketballEquipment\01.BasketballEquipment.csproj", "{0D60CC07-A857-425D-93F3-CBE775AB07E0}"
EndProject
Project("{FAE04EC0-301F-11D3-BF4B-00C04F79EFBC}") = "02.FootballResults", "02.FootballResults\02.FootballResults.csproj", "{364FFBF5-A8B8-4059-BEBD-94D38CB4FAAB}"
EndProject
Project("{FAE04EC0-301F-11D3-BF4B-00C04F79EFBC}") = "02.Skeleton", "02.Skeleton\02.Skeleton.csproj", "{23AA4011-8E7F-4F43-A655-F5892B641F61}"
EndProject
Global
	GlobalSection(SolutionConfigurationPlatforms) = preSolution
		Debug|Any CPU = Debug|Any CPU
		Release|Any CPU = Release|Any CPU
	EndGlobalSection
	GlobalSection(ProjectConfigurationPlatforms) = postSolution
		{B8D3F6B7-C0C2-4123-AFA0-E4D2B9FBF8DE}.Debug|Any CPU.ActiveCfg = Debug|Any CPU
		{B8D3F6B7-C0C2-4123-AFA0-E4D2B9FBF8DE}.Debug|Any CPU.Build.0 = Debug|Any CPU
		{B8D3F6B7-C0C2-4123-AFA0-E4D2B9FBF8DE}.Release|Any CPU.ActiveCfg = Release|Any CPU
		{B8D3F6B7-C0C2-4123-AFA0-E4D2B9FBF8DE}.Release|Any CPU.Build.0 = Release|Any CPU
		{0D60CC07-A857-425D-93F3-CBE775AB07E0}.Debug|Any CPU.ActiveCfg = Debug|Any CPU
		{0D60CC07-A857-425D-93F3-CBE775AB07E0}.Debug|Any CPU.Build.0 = Debug|Any CPU
		{0D60CC07-A857-425D-93F3-CBE775AB07E0}.Release|Any CPU.ActiveCfg = Release|Any CPU
		{0D60CC07-A857-425D-93F3-CBE775AB07E0}.Release|Any CPU.Build.0 = Release|Any CPU
		{364FFBF5-A8B8-4059-BEBD-94D38CB4FAAB}.Debug|Any CPU.ActiveCfg = Debug|Any CPU
		{364FFBF5-A8B8-4059-BEBD-94D38CB4FAAB}.Debug|Any CPU.Build.0 = Debug|Any CPU
		{364FFBF5-A8B8-4059-BEBD-94D38CB4FAAB}.Release|Any CPU.ActiveCfg = Release|Any CPU
		{364FFBF5-A8B8-4059-BEBD-94D38CB4FAAB}.Release|Any CPU.Build.0 = Release|Any CPU
		{23AA4011-8E7F-4F43-A655-F5892B641F61}.Debug|Any CPU.ActiveCfg = Debug|Any CPU
		{23AA4011-8E7F-4F43-A655-F5892B641F61}.Debug|Any CPU.Build.0 = Debug|Any CPU
		{23AA4011-8E7F-4F43-A655-F5892B641F61}.Release|Any CPU.ActiveCfg = Release|Any CPU
		{23AA4011-8E7F-4F43-A655-F5892B641F61}.Release|Any CPU.Build.0 = Release|Any CPU
	EndGlobalSection
	GlobalSection(SolutionProperties) = preSolution
		HideSolutionNode = FALSE
	EndGlobalSection
	GlobalSection(ExtensibilityGlobals) = postSolution
		SolutionGuid = {5245AF47-D35C-4C00-B167-168CB2D663F3}
	EndGlobalSection
EndGlobal
