
Microsoft Visual Studio Solution File, Format Version 12.00
# Visual Studio Version 17
VisualStudioVersion = 17.9.34728.123
MinimumVisualStudioVersion = 10.0.40219.1
Project("{FAE04EC0-301F-11D3-BF4B-00C04F79EFBC}") = "01.Dishwasher", "01.Dishwasher\01.Dishwasher.csproj", "{A80EC14D-DF3A-47EC-B92B-275CCF90148B}"
EndProject
Project("{FAE04EC0-301F-11D3-BF4B-00C04F79EFBC}") = "02.ReportSystem", "02.ReportSystem\02.ReportSystem.csproj", "{532ADC66-60F3-4D45-8889-94767B7CF43E}"
EndProject
Global
	GlobalSection(SolutionConfigurationPlatforms) = preSolution
		Debug|Any CPU = Debug|Any CPU
		Release|Any CPU = Release|Any CPU
	EndGlobalSection
	GlobalSection(ProjectConfigurationPlatforms) = postSolution
		{A80EC14D-DF3A-47EC-B92B-275CCF90148B}.Debug|Any CPU.ActiveCfg = Debug|Any CPU
		{A80EC14D-DF3A-47EC-B92B-275CCF90148B}.Debug|Any CPU.Build.0 = Debug|Any CPU
		{A80EC14D-DF3A-47EC-B92B-275CCF90148B}.Release|Any CPU.ActiveCfg = Release|Any CPU
		{A80EC14D-DF3A-47EC-B92B-275CCF90148B}.Release|Any CPU.Build.0 = Release|Any CPU
		{532ADC66-60F3-4D45-8889-94767B7CF43E}.Debug|Any CPU.ActiveCfg = Debug|Any CPU
		{532ADC66-60F3-4D45-8889-94767B7CF43E}.Debug|Any CPU.Build.0 = Debug|Any CPU
		{532ADC66-60F3-4D45-8889-94767B7CF43E}.Release|Any CPU.ActiveCfg = Release|Any CPU
		{532ADC66-60F3-4D45-8889-94767B7CF43E}.Release|Any CPU.Build.0 = Release|Any CPU
	EndGlobalSection
	GlobalSection(SolutionProperties) = preSolution
		HideSolutionNode = FALSE
	EndGlobalSection
	GlobalSection(ExtensibilityGlobals) = postSolution
		SolutionGuid = {ED6661CE-0D84-43C0-9EC8-D3DC751BA909}
	EndGlobalSection
EndGlobal
