
Microsoft Visual Studio Solution File, Format Version 12.00
# Visual Studio Version 17
VisualStudioVersion = 17.11.35327.3
MinimumVisualStudioVersion = 10.0.40219.1
Project("{9A19103F-16F7-4668-BE54-9A1E7A4F7556}") = "01.Stealer", "01.Stealer\01.Stealer.csproj", "{1B3F482F-F59A-40D7-959B-69580DFE5BBF}"
EndProject
Project("{9A19103F-16F7-4668-BE54-9A1E7A4F7556}") = "02.HighQualityMistakes", "02.HighQualityMistakes\02.HighQualityMistakes.csproj", "{B6535486-A960-46A6-8CEE-28A23A08ED68}"
EndProject
Project("{9A19103F-16F7-4668-BE54-9A1E7A4F7556}") = "03.MissionPrivateImpossible", "03.MissionPrivateImpossible\03.MissionPrivateImpossible.csproj", "{C490673F-23A5-4F16-A85C-7FEF6D4467A8}"
EndProject
Project("{FAE04EC0-301F-11D3-BF4B-00C04F79EFBC}") = "04.Collector", "04.Collector\04.Collector.csproj", "{A48A6DB0-B4D4-49AE-8AEA-1CCE00C4F6E1}"
EndProject
Project("{FAE04EC0-301F-11D3-BF4B-00C04F79EFBC}") = "05.CreateAttribute", "05.CreateAttribute\05.CreateAttribute.csproj", "{7367F792-FF96-4A81-8B3F-61D044FCEA3E}"
EndProject
Project("{FAE04EC0-301F-11D3-BF4B-00C04F79EFBC}") = "06.CodeTracker", "06.CodeTracker\06.CodeTracker.csproj", "{EF3867F1-4FB4-45B3-8B07-C467E97EB08F}"
EndProject
Global
	GlobalSection(SolutionConfigurationPlatforms) = preSolution
		Debug|Any CPU = Debug|Any CPU
		Release|Any CPU = Release|Any CPU
	EndGlobalSection
	GlobalSection(ProjectConfigurationPlatforms) = postSolution
		{1B3F482F-F59A-40D7-959B-69580DFE5BBF}.Debug|Any CPU.ActiveCfg = Debug|Any CPU
		{1B3F482F-F59A-40D7-959B-69580DFE5BBF}.Debug|Any CPU.Build.0 = Debug|Any CPU
		{1B3F482F-F59A-40D7-959B-69580DFE5BBF}.Release|Any CPU.ActiveCfg = Release|Any CPU
		{1B3F482F-F59A-40D7-959B-69580DFE5BBF}.Release|Any CPU.Build.0 = Release|Any CPU
		{B6535486-A960-46A6-8CEE-28A23A08ED68}.Debug|Any CPU.ActiveCfg = Debug|Any CPU
		{B6535486-A960-46A6-8CEE-28A23A08ED68}.Debug|Any CPU.Build.0 = Debug|Any CPU
		{B6535486-A960-46A6-8CEE-28A23A08ED68}.Release|Any CPU.ActiveCfg = Release|Any CPU
		{B6535486-A960-46A6-8CEE-28A23A08ED68}.Release|Any CPU.Build.0 = Release|Any CPU
		{C490673F-23A5-4F16-A85C-7FEF6D4467A8}.Debug|Any CPU.ActiveCfg = Debug|Any CPU
		{C490673F-23A5-4F16-A85C-7FEF6D4467A8}.Debug|Any CPU.Build.0 = Debug|Any CPU
		{C490673F-23A5-4F16-A85C-7FEF6D4467A8}.Release|Any CPU.ActiveCfg = Release|Any CPU
		{C490673F-23A5-4F16-A85C-7FEF6D4467A8}.Release|Any CPU.Build.0 = Release|Any CPU
		{A48A6DB0-B4D4-49AE-8AEA-1CCE00C4F6E1}.Debug|Any CPU.ActiveCfg = Debug|Any CPU
		{A48A6DB0-B4D4-49AE-8AEA-1CCE00C4F6E1}.Debug|Any CPU.Build.0 = Debug|Any CPU
		{A48A6DB0-B4D4-49AE-8AEA-1CCE00C4F6E1}.Release|Any CPU.ActiveCfg = Release|Any CPU
		{A48A6DB0-B4D4-49AE-8AEA-1CCE00C4F6E1}.Release|Any CPU.Build.0 = Release|Any CPU
		{7367F792-FF96-4A81-8B3F-61D044FCEA3E}.Debug|Any CPU.ActiveCfg = Debug|Any CPU
		{7367F792-FF96-4A81-8B3F-61D044FCEA3E}.Debug|Any CPU.Build.0 = Debug|Any CPU
		{7367F792-FF96-4A81-8B3F-61D044FCEA3E}.Release|Any CPU.ActiveCfg = Release|Any CPU
		{7367F792-FF96-4A81-8B3F-61D044FCEA3E}.Release|Any CPU.Build.0 = Release|Any CPU
		{EF3867F1-4FB4-45B3-8B07-C467E97EB08F}.Debug|Any CPU.ActiveCfg = Debug|Any CPU
		{EF3867F1-4FB4-45B3-8B07-C467E97EB08F}.Debug|Any CPU.Build.0 = Debug|Any CPU
		{EF3867F1-4FB4-45B3-8B07-C467E97EB08F}.Release|Any CPU.ActiveCfg = Release|Any CPU
		{EF3867F1-4FB4-45B3-8B07-C467E97EB08F}.Release|Any CPU.Build.0 = Release|Any CPU
	EndGlobalSection
	GlobalSection(SolutionProperties) = preSolution
		HideSolutionNode = FALSE
	EndGlobalSection
	GlobalSection(ExtensibilityGlobals) = postSolution
		SolutionGuid = {DDC5FBBD-72D5-462E-BAC7-D27FA44419C3}
	EndGlobalSection
EndGlobal
