
Microsoft Visual Studio Solution File, Format Version 12.00
# Visual Studio Version 17
VisualStudioVersion = 17.10.35013.160
MinimumVisualStudioVersion = 10.0.40219.1
Project("{FAE04EC0-301F-11D3-BF4B-00C04F79EFBC}") = "01.SmallestOfThreeNumbers", "01.SmallestOfThreeNumbers\01.SmallestOfThreeNumbers.csproj", "{2C87EA89-9AF4-4CAA-8344-F540589268E9}"
EndProject
Project("{FAE04EC0-301F-11D3-BF4B-00C04F79EFBC}") = "02.VowelsCount", "02.VowelsCount\02.VowelsCount.csproj", "{BEA14D87-F3E5-4389-9C5B-7018C47E6956}"
EndProject
Project("{FAE04EC0-301F-11D3-BF4B-00C04F79EFBC}") = "03.CharactersInRange", "03.CharactersInRange\03.CharactersInRange.csproj", "{8295319C-0D92-400E-8EE5-0A82FF2C3E04}"
EndProject
Project("{FAE04EC0-301F-11D3-BF4B-00C04F79EFBC}") = "04.PasswordValidator", "04.PasswordValidator\04.PasswordValidator.csproj", "{540EF1C7-7A9D-4DC2-AE21-3243639DF8EF}"
EndProject
Project("{FAE04EC0-301F-11D3-BF4B-00C04F79EFBC}") = "05. AddAndSubtract", "05. AddAndSubtract\05. AddAndSubtract.csproj", "{E21C3077-EB38-473F-8590-0B274648B7A8}"
EndProject
Project("{FAE04EC0-301F-11D3-BF4B-00C04F79EFBC}") = "06.MiddleCharacters", "06.MiddleCharacters\06.MiddleCharacters.csproj", "{B2B986FC-3238-4AC9-A78F-69790DF3B253}"
EndProject
Project("{FAE04EC0-301F-11D3-BF4B-00C04F79EFBC}") = "07.NxNMatrix", "07.NxNMatrix\07.NxNMatrix.csproj", "{8929F30C-AC31-4F54-B677-691BBFBA1567}"
EndProject
Project("{FAE04EC0-301F-11D3-BF4B-00C04F79EFBC}") = "08.FactorialDivision", "08.FactorialDivision\08.FactorialDivision.csproj", "{B6F2AAE5-DC2F-4CB9-AF05-A0B1AA3F6BAF}"
EndProject
Project("{FAE04EC0-301F-11D3-BF4B-00C04F79EFBC}") = "09.PalindromeIntegers", "09.PalindromeIntegers\09.PalindromeIntegers.csproj", "{63A0C697-3B24-42E9-B8A9-85A5D6CF52A0}"
EndProject
Project("{FAE04EC0-301F-11D3-BF4B-00C04F79EFBC}") = "10.TopNumber", "10.TopNumber\10.TopNumber.csproj", "{147E35E6-5BFD-447D-A369-F90EBBAA7E75}"
EndProject
Project("{FAE04EC0-301F-11D3-BF4B-00C04F79EFBC}") = "11.ArrayManipulator", "11.ArrayManipulator\11.ArrayManipulator.csproj", "{DFF94280-B8EB-4C2E-99A3-5012C5C68506}"
EndProject
Global
	GlobalSection(SolutionConfigurationPlatforms) = preSolution
		Debug|Any CPU = Debug|Any CPU
		Release|Any CPU = Release|Any CPU
	EndGlobalSection
	GlobalSection(ProjectConfigurationPlatforms) = postSolution
		{2C87EA89-9AF4-4CAA-8344-F540589268E9}.Debug|Any CPU.ActiveCfg = Debug|Any CPU
		{2C87EA89-9AF4-4CAA-8344-F540589268E9}.Debug|Any CPU.Build.0 = Debug|Any CPU
		{2C87EA89-9AF4-4CAA-8344-F540589268E9}.Release|Any CPU.ActiveCfg = Release|Any CPU
		{2C87EA89-9AF4-4CAA-8344-F540589268E9}.Release|Any CPU.Build.0 = Release|Any CPU
		{BEA14D87-F3E5-4389-9C5B-7018C47E6956}.Debug|Any CPU.ActiveCfg = Debug|Any CPU
		{BEA14D87-F3E5-4389-9C5B-7018C47E6956}.Debug|Any CPU.Build.0 = Debug|Any CPU
		{BEA14D87-F3E5-4389-9C5B-7018C47E6956}.Release|Any CPU.ActiveCfg = Release|Any CPU
		{BEA14D87-F3E5-4389-9C5B-7018C47E6956}.Release|Any CPU.Build.0 = Release|Any CPU
		{8295319C-0D92-400E-8EE5-0A82FF2C3E04}.Debug|Any CPU.ActiveCfg = Debug|Any CPU
		{8295319C-0D92-400E-8EE5-0A82FF2C3E04}.Debug|Any CPU.Build.0 = Debug|Any CPU
		{8295319C-0D92-400E-8EE5-0A82FF2C3E04}.Release|Any CPU.ActiveCfg = Release|Any CPU
		{8295319C-0D92-400E-8EE5-0A82FF2C3E04}.Release|Any CPU.Build.0 = Release|Any CPU
		{540EF1C7-7A9D-4DC2-AE21-3243639DF8EF}.Debug|Any CPU.ActiveCfg = Debug|Any CPU
		{540EF1C7-7A9D-4DC2-AE21-3243639DF8EF}.Debug|Any CPU.Build.0 = Debug|Any CPU
		{540EF1C7-7A9D-4DC2-AE21-3243639DF8EF}.Release|Any CPU.ActiveCfg = Release|Any CPU
		{540EF1C7-7A9D-4DC2-AE21-3243639DF8EF}.Release|Any CPU.Build.0 = Release|Any CPU
		{E21C3077-EB38-473F-8590-0B274648B7A8}.Debug|Any CPU.ActiveCfg = Debug|Any CPU
		{E21C3077-EB38-473F-8590-0B274648B7A8}.Debug|Any CPU.Build.0 = Debug|Any CPU
		{E21C3077-EB38-473F-8590-0B274648B7A8}.Release|Any CPU.ActiveCfg = Release|Any CPU
		{E21C3077-EB38-473F-8590-0B274648B7A8}.Release|Any CPU.Build.0 = Release|Any CPU
		{B2B986FC-3238-4AC9-A78F-69790DF3B253}.Debug|Any CPU.ActiveCfg = Debug|Any CPU
		{B2B986FC-3238-4AC9-A78F-69790DF3B253}.Debug|Any CPU.Build.0 = Debug|Any CPU
		{B2B986FC-3238-4AC9-A78F-69790DF3B253}.Release|Any CPU.ActiveCfg = Release|Any CPU
		{B2B986FC-3238-4AC9-A78F-69790DF3B253}.Release|Any CPU.Build.0 = Release|Any CPU
		{8929F30C-AC31-4F54-B677-691BBFBA1567}.Debug|Any CPU.ActiveCfg = Debug|Any CPU
		{8929F30C-AC31-4F54-B677-691BBFBA1567}.Debug|Any CPU.Build.0 = Debug|Any CPU
		{8929F30C-AC31-4F54-B677-691BBFBA1567}.Release|Any CPU.ActiveCfg = Release|Any CPU
		{8929F30C-AC31-4F54-B677-691BBFBA1567}.Release|Any CPU.Build.0 = Release|Any CPU
		{B6F2AAE5-DC2F-4CB9-AF05-A0B1AA3F6BAF}.Debug|Any CPU.ActiveCfg = Debug|Any CPU
		{B6F2AAE5-DC2F-4CB9-AF05-A0B1AA3F6BAF}.Debug|Any CPU.Build.0 = Debug|Any CPU
		{B6F2AAE5-DC2F-4CB9-AF05-A0B1AA3F6BAF}.Release|Any CPU.ActiveCfg = Release|Any CPU
		{B6F2AAE5-DC2F-4CB9-AF05-A0B1AA3F6BAF}.Release|Any CPU.Build.0 = Release|Any CPU
		{63A0C697-3B24-42E9-B8A9-85A5D6CF52A0}.Debug|Any CPU.ActiveCfg = Debug|Any CPU
		{63A0C697-3B24-42E9-B8A9-85A5D6CF52A0}.Debug|Any CPU.Build.0 = Debug|Any CPU
		{63A0C697-3B24-42E9-B8A9-85A5D6CF52A0}.Release|Any CPU.ActiveCfg = Release|Any CPU
		{63A0C697-3B24-42E9-B8A9-85A5D6CF52A0}.Release|Any CPU.Build.0 = Release|Any CPU
		{147E35E6-5BFD-447D-A369-F90EBBAA7E75}.Debug|Any CPU.ActiveCfg = Debug|Any CPU
		{147E35E6-5BFD-447D-A369-F90EBBAA7E75}.Debug|Any CPU.Build.0 = Debug|Any CPU
		{147E35E6-5BFD-447D-A369-F90EBBAA7E75}.Release|Any CPU.ActiveCfg = Release|Any CPU
		{147E35E6-5BFD-447D-A369-F90EBBAA7E75}.Release|Any CPU.Build.0 = Release|Any CPU
		{DFF94280-B8EB-4C2E-99A3-5012C5C68506}.Debug|Any CPU.ActiveCfg = Debug|Any CPU
		{DFF94280-B8EB-4C2E-99A3-5012C5C68506}.Debug|Any CPU.Build.0 = Debug|Any CPU
		{DFF94280-B8EB-4C2E-99A3-5012C5C68506}.Release|Any CPU.ActiveCfg = Release|Any CPU
		{DFF94280-B8EB-4C2E-99A3-5012C5C68506}.Release|Any CPU.Build.0 = Release|Any CPU
	EndGlobalSection
	GlobalSection(SolutionProperties) = preSolution
		HideSolutionNode = FALSE
	EndGlobalSection
	GlobalSection(ExtensibilityGlobals) = postSolution
		SolutionGuid = {8D0C12C7-FE2E-4249-A6B7-3139568D62D1}
	EndGlobalSection
EndGlobal
